
Microsoft Visual Studio Solution File, Format Version 12.00
# Visual Studio Version 16
VisualStudioVersion = 16.0.31313.79
MinimumVisualStudioVersion = 10.0.40219.1
Project("{9A19103F-16F7-4668-BE54-9A1E7A4F7556}") = "BotConvo", "BotConvo\BotConvo.csproj", "{43A002FA-F9CA-4FDD-A340-DADF2CC54382}"
EndProject
Global
	GlobalSection(SolutionConfigurationPlatforms) = preSolution
		Debug|Any CPU = Debug|Any CPU
		Release|Any CPU = Release|Any CPU
	EndGlobalSection
	GlobalSection(ProjectConfigurationPlatforms) = postSolution
		{43A002FA-F9CA-4FDD-A340-DADF2CC54382}.Debug|Any CPU.ActiveCfg = Debug|Any CPU
		{43A002FA-F9CA-4FDD-A340-DADF2CC54382}.Debug|Any CPU.Build.0 = Debug|Any CPU
		{43A002FA-F9CA-4FDD-A340-DADF2CC54382}.Release|Any CPU.ActiveCfg = Release|Any CPU
		{43A002FA-F9CA-4FDD-A340-DADF2CC54382}.Release|Any CPU.Build.0 = Release|Any CPU
	EndGlobalSection
	GlobalSection(SolutionProperties) = preSolution
		HideSolutionNode = FALSE
	EndGlobalSection
	GlobalSection(ExtensibilityGlobals) = postSolution
		SolutionGuid = {5ECC0C78-0CDB-40A4-B12B-AC9D827AAA9E}
	EndGlobalSection
EndGlobal
